{
  "name": "determined",
  "lockfileVersion": 2,
  "requires": true,
  "packages": {
    "": {
      "dependencies": {
        "@recoiljs/refine": "^0.1.1",
        "recoil-sync": "^0.2.0"
      }
    },
    "node_modules/@recoiljs/refine": {
      "version": "0.1.1",
      "resolved": "https://registry.npmjs.org/@recoiljs/refine/-/refine-0.1.1.tgz",
      "integrity": "sha512-ry02rHswJePYkH1o8K99qL4O6TBntF9/g7W5wXVwaOUrIJEZUGfl/I3+btPXbUgyyEZvNs5xcwvOw13AufmFQw=="
    },
    "node_modules/hamt_plus": {
      "version": "1.0.2",
      "resolved": "https://registry.npmjs.org/hamt_plus/-/hamt_plus-1.0.2.tgz",
      "integrity": "sha512-t2JXKaehnMb9paaYA7J0BX8QQAY8lwfQ9Gjf4pg/mk4krt+cmwmU652HOoWonf+7+EQV97ARPMhhVgU1ra2GhA==",
      "peer": true
    },
    "node_modules/js-tokens": {
      "version": "4.0.0",
      "resolved": "https://registry.npmjs.org/js-tokens/-/js-tokens-4.0.0.tgz",
      "integrity": "sha512-RdJUflcE3cUzKiMqQgsCu06FPu9UdIJO0beYbPhHN4k6apgJtifcoCtT9bcxOpYBtpD2kCM6Sbzg4CausW/PKQ==",
      "peer": true
    },
    "node_modules/loose-envify": {
      "version": "1.4.0",
      "resolved": "https://registry.npmjs.org/loose-envify/-/loose-envify-1.4.0.tgz",
      "integrity": "sha512-lyuxPGr/Wfhrlem2CL/UcnUc1zcqKAImBDzukY7Y5F/yQiNdko6+fRLevlw1HgMySw7f611UIY408EtxRSoK3Q==",
      "peer": true,
      "dependencies": {
        "js-tokens": "^3.0.0 || ^4.0.0"
      },
      "bin": {
        "loose-envify": "cli.js"
      }
    },
    "node_modules/react": {
      "version": "18.2.0",
      "resolved": "https://registry.npmjs.org/react/-/react-18.2.0.tgz",
      "integrity": "sha512-/3IjMdb2L9QbBdWiW5e3P2/npwMBaU9mHCSCUzNln0ZCYbcfTsGbTJrU/kGemdH2IWmB2ioZ+zkxtmq6g09fGQ==",
      "peer": true,
      "dependencies": {
        "loose-envify": "^1.1.0"
      },
      "engines": {
        "node": ">=0.10.0"
      }
    },
    "node_modules/recoil": {
      "version": "0.7.6",
      "resolved": "https://registry.npmjs.org/recoil/-/recoil-0.7.6.tgz",
      "integrity": "sha512-hsBEw7jFdpBCY/tu2GweiyaqHKxVj6EqF2/SfrglbKvJHhpN57SANWvPW+gE90i3Awi+A5gssOd3u+vWlT+g7g==",
      "peer": true,
      "dependencies": {
        "hamt_plus": "1.0.2"
      },
      "peerDependencies": {
        "react": ">=16.13.1"
      },
      "peerDependenciesMeta": {
        "react-dom": {
          "optional": true
        },
        "react-native": {
          "optional": true
        }
      }
    },
    "node_modules/recoil-sync": {
      "version": "0.2.0",
      "resolved": "https://registry.npmjs.org/recoil-sync/-/recoil-sync-0.2.0.tgz",
      "integrity": "sha512-ZYZM1C4LAhGr3EeMMI5MwT4eaEqsr+ddjB4EwdgN8HXXLmE7P5FVCdFHV3HJtMzxR3Y8sOmJDfN1IPrezwKoRg==",
      "dependencies": {
        "@recoiljs/refine": "^0.1.1",
        "transit-js": "^0.8.874"
      },
      "peerDependencies": {
        "recoil": ">=0.7.3"
      }
    },
    "node_modules/transit-js": {
      "version": "0.8.874",
      "resolved": "https://registry.npmjs.org/transit-js/-/transit-js-0.8.874.tgz",
      "integrity": "sha512-IDJJGKRzUbJHmN0P15HBBa05nbKor3r2MmG6aSt0UxXIlJZZKcddTk67/U7WyAeW9Hv/VYI02IqLzolsC4sbPA==",
      "engines": {
        "node": ">= 0.10.0"
      }
    }
  },
  "dependencies": {
    "@recoiljs/refine": {
      "version": "0.1.1",
      "resolved": "https://registry.npmjs.org/@recoiljs/refine/-/refine-0.1.1.tgz",
      "integrity": "sha512-ry02rHswJePYkH1o8K99qL4O6TBntF9/g7W5wXVwaOUrIJEZUGfl/I3+btPXbUgyyEZvNs5xcwvOw13AufmFQw=="
    },
    "hamt_plus": {
      "version": "1.0.2",
      "resolved": "https://registry.npmjs.org/hamt_plus/-/hamt_plus-1.0.2.tgz",
      "integrity": "sha512-t2JXKaehnMb9paaYA7J0BX8QQAY8lwfQ9Gjf4pg/mk4krt+cmwmU652HOoWonf+7+EQV97ARPMhhVgU1ra2GhA==",
      "peer": true
    },
    "js-tokens": {
      "version": "4.0.0",
      "resolved": "https://registry.npmjs.org/js-tokens/-/js-tokens-4.0.0.tgz",
      "integrity": "sha512-RdJUflcE3cUzKiMqQgsCu06FPu9UdIJO0beYbPhHN4k6apgJtifcoCtT9bcxOpYBtpD2kCM6Sbzg4CausW/PKQ==",
      "peer": true
    },
    "loose-envify": {
      "version": "1.4.0",
      "resolved": "https://registry.npmjs.org/loose-envify/-/loose-envify-1.4.0.tgz",
      "integrity": "sha512-lyuxPGr/Wfhrlem2CL/UcnUc1zcqKAImBDzukY7Y5F/yQiNdko6+fRLevlw1HgMySw7f611UIY408EtxRSoK3Q==",
      "peer": true,
      "requires": {
        "js-tokens": "^3.0.0 || ^4.0.0"
      }
    },
    "react": {
      "version": "18.2.0",
      "resolved": "https://registry.npmjs.org/react/-/react-18.2.0.tgz",
      "integrity": "sha512-/3IjMdb2L9QbBdWiW5e3P2/npwMBaU9mHCSCUzNln0ZCYbcfTsGbTJrU/kGemdH2IWmB2ioZ+zkxtmq6g09fGQ==",
      "peer": true,
      "requires": {
        "loose-envify": "^1.1.0"
      }
    },
    "recoil": {
      "version": "0.7.6",
      "resolved": "https://registry.npmjs.org/recoil/-/recoil-0.7.6.tgz",
      "integrity": "sha512-hsBEw7jFdpBCY/tu2GweiyaqHKxVj6EqF2/SfrglbKvJHhpN57SANWvPW+gE90i3Awi+A5gssOd3u+vWlT+g7g==",
      "peer": true,
      "requires": {
        "hamt_plus": "1.0.2"
      }
    },
    "recoil-sync": {
      "version": "0.2.0",
      "resolved": "https://registry.npmjs.org/recoil-sync/-/recoil-sync-0.2.0.tgz",
      "integrity": "sha512-ZYZM1C4LAhGr3EeMMI5MwT4eaEqsr+ddjB4EwdgN8HXXLmE7P5FVCdFHV3HJtMzxR3Y8sOmJDfN1IPrezwKoRg==",
      "requires": {
        "@recoiljs/refine": "^0.1.1",
        "transit-js": "^0.8.874"
      }
    },
    "transit-js": {
      "version": "0.8.874",
      "resolved": "https://registry.npmjs.org/transit-js/-/transit-js-0.8.874.tgz",
      "integrity": "sha512-IDJJGKRzUbJHmN0P15HBBa05nbKor3r2MmG6aSt0UxXIlJZZKcddTk67/U7WyAeW9Hv/VYI02IqLzolsC4sbPA=="
    }
  }
}
