{
  "requires": true,
  "lockfileVersion": 1,
  "dependencies": {
    "deepmerge-ts": {
      "version": "2.0.1",
      "resolved": "https://registry.npmjs.org/deepmerge-ts/-/deepmerge-ts-2.0.1.tgz",
      "integrity": "sha512-7xeG0xMleW+gyrtUsdOeR6tCLwkyYDh3koIuvc8TxBcDh3WlaBQiEbFwEzk8clKomJZMhmoyxo7Y9CRrrrLVlg==",
      "requires": {
        "is-plain-object": "^5.0.0"
      }
    },
    "eslint-plugin-prefer-optional-chaining": {
      "version": "0.0.1",
      "resolved": "https://registry.npmjs.org/eslint-plugin-prefer-optional-chaining/-/eslint-plugin-prefer-optional-chaining-0.0.1.tgz",
      "integrity": "sha512-7F1i9ccHv8128jpR5R9o+019bAKEaRSBYP3V0s0tMjfGlDoRsc7NQwHDgu5HrbZBQ51zR/P9gVhxMCV43kmLgg==",
      "requires": {
        "requireindex": "~1.1.0"
      }
    },
    "hermes-parallel-coordinates": {
      "version": "0.4.0",
      "resolved": "https://registry.npmjs.org/hermes-parallel-coordinates/-/hermes-parallel-coordinates-0.4.0.tgz",
      "integrity": "sha512-qrQ7hm2oN8UN5q0rrhHzs2fClEd25zamk1tdu2V+YxGOTRMK8FXjmb5cDhlsWenkaZ8ZYHFLmFZdnx5F1RCzvQ==",
      "requires": {
        "deepmerge-ts": "^2.0.1"
      }
    },
    "is-plain-object": {
      "version": "5.0.0",
      "resolved": "https://registry.npmjs.org/is-plain-object/-/is-plain-object-5.0.0.tgz",
      "integrity": "sha512-VRSzKkbMm5jMDoKLbltAkFQ5Qr7VDiTFGXxYFXXowVj387GeGNOCsOH6Msy00SGZ3Fp84b1Naa1psqgcCIEP5Q=="
    },
    "requireindex": {
      "version": "1.1.0",
      "resolved": "https://registry.npmjs.org/requireindex/-/requireindex-1.1.0.tgz",
      "integrity": "sha1-5UBLgVV+91225JxacgBIk/4D4WI="
    }
  }
}
